
Microsoft Visual Studio Solution File, Format Version 12.00
# Visual Studio Version 17
VisualStudioVersion = 17.9.34622.214
MinimumVisualStudioVersion = 10.0.40219.1
Project("{FAE04EC0-301F-11D3-BF4B-00C04F79EFBC}") = "APIMinima", "APIMinima\APIMinima.csproj", "{650D095B-8B2A-4BDC-A9D5-E1DB597D7473}"
EndProject
Global
	GlobalSection(SolutionConfigurationPlatforms) = preSolution
		Debug|Any CPU = Debug|Any CPU
		Release|Any CPU = Release|Any CPU
	EndGlobalSection
	GlobalSection(ProjectConfigurationPlatforms) = postSolution
		{650D095B-8B2A-4BDC-A9D5-E1DB597D7473}.Debug|Any CPU.ActiveCfg = Debug|Any CPU
		{650D095B-8B2A-4BDC-A9D5-E1DB597D7473}.Debug|Any CPU.Build.0 = Debug|Any CPU
		{650D095B-8B2A-4BDC-A9D5-E1DB597D7473}.Release|Any CPU.ActiveCfg = Release|Any CPU
		{650D095B-8B2A-4BDC-A9D5-E1DB597D7473}.Release|Any CPU.Build.0 = Release|Any CPU
	EndGlobalSection
	GlobalSection(SolutionProperties) = preSolution
		HideSolutionNode = FALSE
	EndGlobalSection
	GlobalSection(ExtensibilityGlobals) = postSolution
		SolutionGuid = {049EEE5B-CB44-4660-87DE-551CDEC82B7F}
	EndGlobalSection
EndGlobal
